// !$*UTF8*$!
{
	archiveVersion = 1;
	classes = {
	};
	objectVersion = 46;
	objects = {

/* Begin PBXBuildFile section */
		9A6E01E21F2A6589002D5769 /* AppDelegate.swift in Sources */ = {isa = PBXBuildFile; fileRef = 9A6E01E11F2A6589002D5769 /* AppDelegate.swift */; };
		9A6E01E71F2A6589002D5769 /* Main.storyboard in Resources */ = {isa = PBXBuildFile; fileRef = 9A6E01E51F2A6589002D5769 /* Main.storyboard */; };
		9A6E01E91F2A6589002D5769 /* Assets.xcassets in Resources */ = {isa = PBXBuildFile; fileRef = 9A6E01E81F2A6589002D5769 /* Assets.xcassets */; };
		9A6E01EC1F2A6589002D5769 /* LaunchScreen.storyboard in Resources */ = {isa = PBXBuildFile; fileRef = 9A6E01EA1F2A6589002D5769 /* LaunchScreen.storyboard */; };
		9AB6A2511F3287CB00AFC842 /* NoteItem.swift in Sources */ = {isa = PBXBuildFile; fileRef = 9AB6A2501F3287CB00AFC842 /* NoteItem.swift */; };
		9AF0CC1F1F2FCF36008034A4 /* NoteListViewController.swift in Sources */ = {isa = PBXBuildFile; fileRef = 9AF0CC1E1F2FCF36008034A4 /* NoteListViewController.swift */; };
		9AFA1EE01F3401F100D1BCE4 /* AddNoteViewController.swift in Sources */ = {isa = PBXBuildFile; fileRef = 9AFA1EDF1F3401F100D1BCE4 /* AddNoteViewController.swift */; };
/* End PBXBuildFile section */

/* Begin PBXFileReference section */
		9A6E01DE1F2A6589002D5769 /* Make A Note.app */ = {isa = PBXFileReference; explicitFileType = wrapper.application; includeInIndex = 0; path = "Make A Note.app"; sourceTree = BUILT_PRODUCTS_DIR; };
		9A6E01E11F2A6589002D5769 /* AppDelegate.swift */ = {isa = PBXFileReference; lastKnownFileType = sourcecode.swift; path = AppDelegate.swift; sourceTree = "<group>"; };
		9A6E01E61F2A6589002D5769 /* Base */ = {isa = PBXFileReference; lastKnownFileType = file.storyboard; name = Base; path = Base.lproj/Main.storyboard; sourceTree = "<group>"; };
		9A6E01E81F2A6589002D5769 /* Assets.xcassets */ = {isa = PBXFileReference; lastKnownFileType = folder.assetcatalog; path = Assets.xcassets; sourceTree = "<group>"; };
		9A6E01EB1F2A6589002D5769 /* Base */ = {isa = PBXFileReference; lastKnownFileType = file.storyboard; name = Base; path = Base.lproj/LaunchScreen.storyboard; sourceTree = "<group>"; };
		9A6E01ED1F2A6589002D5769 /* Info.plist */ = {isa = PBXFileReference; lastKnownFileType = text.plist.xml; path = Info.plist; sourceTree = "<group>"; };
		9AB6A2501F3287CB00AFC842 /* NoteItem.swift */ = {isa = PBXFileReference; fileEncoding = 4; lastKnownFileType = sourcecode.swift; path = NoteItem.swift; sourceTree = "<group>"; };
		9AF0CC1E1F2FCF36008034A4 /* NoteListViewController.swift */ = {isa = PBXFileReference; fileEncoding = 4; lastKnownFileType = sourcecode.swift; path = NoteListViewController.swift; sourceTree = "<group>"; };
		9AFA1EDF1F3401F100D1BCE4 /* AddNoteViewController.swift */ = {isa = PBXFileReference; fileEncoding = 4; lastKnownFileType = sourcecode.swift; path = AddNoteViewController.swift; sourceTree = "<group>"; };
/* End PBXFileReference section */

/* Begin PBXFrameworksBuildPhase section */
		9A6E01DB1F2A6589002D5769 /* Frameworks */ = {
			isa = PBXFrameworksBuildPhase;
			buildActionMask = 2147483647;
			files = (
			);
			runOnlyForDeploymentPostprocessing = 0;
		};
/* End PBXFrameworksBuildPhase section */

/* Begin PBXGroup section */
		9A6E01D51F2A6589002D5769 = {
			isa = PBXGroup;
			children = (
				9A6E01E01F2A6589002D5769 /* Make A Note */,
				9A6E01DF1F2A6589002D5769 /* Products */,
			);
			sourceTree = "<group>";
		};
		9A6E01DF1F2A6589002D5769 /* Products */ = {
			isa = PBXGroup;
			children = (
				9A6E01DE1F2A6589002D5769 /* Make A Note.app */,
			);
			name = Products;
			sourceTree = "<group>";
		};
		9A6E01E01F2A6589002D5769 /* Make A Note */ = {
			isa = PBXGroup;
			children = (
				9A6E01E11F2A6589002D5769 /* AppDelegate.swift */,
				9AF0CC1E1F2FCF36008034A4 /* NoteListViewController.swift */,
				9AFA1EDF1F3401F100D1BCE4 /* AddNoteViewController.swift */,
				9AB6A2501F3287CB00AFC842 /* NoteItem.swift */,
				9A6E01E51F2A6589002D5769 /* Main.storyboard */,
				9A6E01E81F2A6589002D5769 /* Assets.xcassets */,
				9A6E01EA1F2A6589002D5769 /* LaunchScreen.storyboard */,
				9A6E01ED1F2A6589002D5769 /* Info.plist */,
			);
			path = "Make A Note";
			sourceTree = "<group>";
		};
/* End PBXGroup section */

/* Begin PBXNativeTarget section */
		9A6E01DD1F2A6589002D5769 /* Make A Note */ = {
			isa = PBXNativeTarget;
			buildConfigurationList = 9A6E01F01F2A6589002D5769 /* Build configuration list for PBXNativeTarget "Make A Note" */;
			buildPhases = (
				9A6E01DA1F2A6589002D5769 /* Sources */,
				9A6E01DB1F2A6589002D5769 /* Frameworks */,
				9A6E01DC1F2A6589002D5769 /* Resources */,
			);
			buildRules = (
			);
			dependencies = (
			);
			name = "Make A Note";
			productName = "Make A Note";
			productReference = 9A6E01DE1F2A6589002D5769 /* Make A Note.app */;
			productType = "com.apple.product-type.application";
		};
/* End PBXNativeTarget section */

/* Begin PBXProject section */
		9A6E01D61F2A6589002D5769 /* Project object */ = {
			isa = PBXProject;
			attributes = {
				LastSwiftUpdateCheck = 0830;
				LastUpgradeCheck = 0830;
				ORGANIZATIONNAME = "Thomas Ignarri";
				TargetAttributes = {
					9A6E01DD1F2A6589002D5769 = {
						CreatedOnToolsVersion = 8.3.3;
						DevelopmentTeam = 5R95V5248B;
						ProvisioningStyle = Automatic;
					};
				};
			};
			buildConfigurationList = 9A6E01D91F2A6589002D5769 /* Build configuration list for PBXProject "Make A Note" */;
			compatibilityVersion = "Xcode 3.2";
			developmentRegion = English;
			hasScannedForEncodings = 0;
			knownRegions = (
				en,
				Base,
			);
			mainGroup = 9A6E01D51F2A6589002D5769;
			productRefGroup = 9A6E01DF1F2A6589002D5769 /* Products */;
			projectDirPath = "";
			projectRoot = "";
			targets = (
				9A6E01DD1F2A6589002D5769 /* Make A Note */,
			);
		};
/* End PBXProject section */

/* Begin PBXResourcesBuildPhase section */
		9A6E01DC1F2A6589002D5769 /* Resources */ = {
			isa = PBXResourcesBuildPhase;
			buildActionMask = 2147483647;
			files = (
				9A6E01EC1F2A6589002D5769 /* LaunchScreen.storyboard in Resources */,
				9A6E01E91F2A6589002D5769 /* Assets.xcassets in Resources */,
				9A6E01E71F2A6589002D5769 /* Main.storyboard in Resources */,
			);
			runOnlyForDeploymentPostprocessing = 0;
		};
/* End PBXResourcesBuildPhase section */

/* Begin PBXSourcesBuildPhase section */
		9A6E01DA1F2A6589002D5769 /* Sources */ = {
			isa = PBXSourcesBuildPhase;
			buildActionMask = 2147483647;
			files = (
				9AFA1EE01F3401F100D1BCE4 /* AddNoteViewController.swift in Sources */,
				9AB6A2511F3287CB00AFC842 /* NoteItem.swift in Sources */,
				9AF0CC1F1F2FCF36008034A4 /* NoteListViewController.swift in Sources */,
				9A6E01E21F2A6589002D5769 /* AppDelegate.swift in Sources */,
			);
			runOnlyForDeploymentPostprocessing = 0;
		};
/* End PBXSourcesBuildPhase section */

/* Begin PBXVariantGroup section */
		9A6E01E51F2A6589002D5769 /* Main.storyboard */ = {
			isa = PBXVariantGroup;
			children = (
				9A6E01E61F2A6589002D5769 /* Base */,
			);
			name = Main.storyboard;
			sourceTree = "<group>";
		};
		9A6E01EA1F2A6589002D5769 /* LaunchScreen.storyboard */ = {
			isa = PBXVariantGroup;
			children = (
				9A6E01EB1F2A6589002D5769 /* Base */,
			);
			name = LaunchScreen.storyboard;
			sourceTree = "<group>";
		};
/* End PBXVariantGroup section */

/* Begin XCBuildConfiguration section */
		9A6E01EE1F2A6589002D5769 /* Debug */ = {
			isa = XCBuildConfiguration;
			buildSettings = {
				ALWAYS_SEARCH_USER_PATHS = NO;
				CLANG_ANALYZER_NONNULL = YES;
				CLANG_ANALYZER_NUMBER_OBJECT_CONVERSION = YES_AGGRESSIVE;
				CLANG_CXX_LANGUAGE_STANDARD = "gnu++0x";
				CLANG_CXX_LIBRARY = "libc++";
				CLANG_ENABLE_MODULES = YES;
				CLANG_ENABLE_OBJC_ARC = YES;
				CLANG_WARN_BOOL_CONVERSION = YES;
				CLANG_WARN_CONSTANT_CONVERSION = YES;
				CLANG_WARN_DIRECT_OBJC_ISA_USAGE = YES_ERROR;
				CLANG_WARN_DOCUMENTATION_COMMENTS = YES;
				CLANG_WARN_EMPTY_BODY = YES;
				CLANG_WARN_ENUM_CONVERSION = YES;
				CLANG_WARN_INFINITE_RECURSION = YES;
				CLANG_WARN_INT_CONVERSION = YES;
				CLANG_WARN_OBJC_ROOT_CLASS = YES_ERROR;
				CLANG_WARN_SUSPICIOUS_MOVE = YES;
				CLANG_WARN_UNREACHABLE_CODE = YES;
				CLANG_WARN__DUPLICATE_METHOD_MATCH = YES;
				"CODE_SIGN_IDENTITY[sdk=iphoneos*]" = "iPhone Developer";
				COPY_PHASE_STRIP = NO;
				DEBUG_INFORMATION_FORMAT = dwarf;
				ENABLE_STRICT_OBJC_MSGSEND = YES;
				ENABLE_TESTABILITY = YES;
				GCC_C_LANGUAGE_STANDARD = gnu99;
				GCC_DYNAMIC_NO_PIC = NO;
				GCC_NO_COMMON_BLOCKS = YES;
				GCC_OPTIMIZATION_LEVEL = 0;
				GCC_PREPROCESSOR_DEFINITIONS = (
					"DEBUG=1",
					"$(inherited)",
				);
				GCC_WARN_64_TO_32_BIT_CONVERSION = YES;
				GCC_WARN_ABOUT_RETURN_TYPE = YES_ERROR;
				GCC_WARN_UNDECLARED_SELECTOR = YES;
				GCC_WARN_UNINITIALIZED_AUTOS = YES_AGGRESSIVE;
				GCC_WARN_UNUSED_FUNCTION = YES;
				GCC_WARN_UNUSED_VARIABLE = YES;
				IPHONEOS_DEPLOYMENT_TARGET = 10.3;
				MTL_ENABLE_DEBUG_INFO = YES;
				ONLY_ACTIVE_ARCH = YES;
				SDKROOT = iphoneos;
				SWIFT_ACTIVE_COMPILATION_CONDITIONS = DEBUG;
				SWIFT_OPTIMIZATION_LEVEL = "-Onone";
				TARGETED_DEVICE_FAMILY = "1,2";
			};
			name = Debug;
		};
		9A6E01EF1F2A6589002D5769 /* Release */ = {
			isa = XCBuildConfiguration;
			buildSettings = {
				ALWAYS_SEARCH_USER_PATHS = NO;
				CLANG_ANALYZER_NONNULL = YES;
				CLANG_ANALYZER_NUMBER_OBJECT_CONVERSION = YES_AGGRESSIVE;
				CLANG_CXX_LANGUAGE_STANDARD = "gnu++0x";
				CLANG_CXX_LIBRARY = "libc++";
				CLANG_ENABLE_MODULES = YES;
				CLANG_ENABLE_OBJC_ARC = YES;
				CLANG_WARN_BOOL_CONVERSION = YES;
				CLANG_WARN_CONSTANT_CONVERSION = YES;
				CLANG_WARN_DIRECT_OBJC_ISA_USAGE = YES_ERROR;
				CLANG_WARN_DOCUMENTATION_COMMENTS = YES;
				CLANG_WARN_EMPTY_BODY = YES;
				CLANG_WARN_ENUM_CONVERSION = YES;
				CLANG_WARN_INFINITE_RECURSION = YES;
				CLANG_WARN_INT_CONVERSION = YES;
				CLANG_WARN_OBJC_ROOT_CLASS = YES_ERROR;
				CLANG_WARN_SUSPICIOUS_MOVE = YES;
				CLANG_WARN_UNREACHABLE_CODE = YES;
				CLANG_WARN__DUPLICATE_METHOD_MATCH = YES;
				"CODE_SIGN_IDENTITY[sdk=iphoneos*]" = "iPhone Developer";
				COPY_PHASE_STRIP = NO;
				DEBUG_INFORMATION_FORMAT = "dwarf-with-dsym";
				ENABLE_NS_ASSERTIONS = NO;
				ENABLE_STRICT_OBJC_MSGSEND = YES;
				GCC_C_LANGUAGE_STANDARD = gnu99;
				GCC_NO_COMMON_BLOCKS = YES;
				GCC_WARN_64_TO_32_BIT_CONVERSION = YES;
				GCC_WARN_ABOUT_RETURN_TYPE = YES_ERROR;
				GCC_WARN_UNDECLARED_SELECTOR = YES;
				GCC_WARN_UNINITIALIZED_AUTOS = YES_AGGRESSIVE;
				GCC_WARN_UNUSED_FUNCTION = YES;
				GCC_WARN_UNUSED_VARIABLE = YES;
				IPHONEOS_DEPLOYMENT_TARGET = 10.3;
				MTL_ENABLE_DEBUG_INFO = NO;
				SDKROOT = iphoneos;
				SWIFT_OPTIMIZATION_LEVEL = "-Owholemodule";
				TARGETED_DEVICE_FAMILY = "1,2";
				VALIDATE_PRODUCT = YES;
			};
			name = Release;
		};
		9A6E01F11F2A6589002D5769 /* Debug */ = {
			isa = XCBuildConfiguration;
			buildSettings = {
				ASSETCATALOG_COMPILER_APPICON_NAME = AppIcon;
				DEVELOPMENT_TEAM = 5R95V5248B;
				INFOPLIST_FILE = "Make A Note/Info.plist";
				LD_RUNPATH_SEARCH_PATHS = "$(inherited) @executable_path/Frameworks";
				PRODUCT_BUNDLE_IDENTIFIER = "com.thomasIgnarri.Make-A-Note";
				PRODUCT_NAME = "$(TARGET_NAME)";
				SWIFT_VERSION = 3.0;
			};
			name = Debug;
		};
		9A6E01F21F2A6589002D5769 /* Release */ = {
			isa = XCBuildConfiguration;
			buildSettings = {
				ASSETCATALOG_COMPILER_APPICON_NAME = AppIcon;
				DEVELOPMENT_TEAM = 5R95V5248B;
				INFOPLIST_FILE = "Make A Note/Info.plist";
				LD_RUNPATH_SEARCH_PATHS = "$(inherited) @executable_path/Frameworks";
				PRODUCT_BUNDLE_IDENTIFIER = "com.thomasIgnarri.Make-A-Note";
				PRODUCT_NAME = "$(TARGET_NAME)";
				SWIFT_VERSION = 3.0;
			};
			name = Release;
		};
/* End XCBuildConfiguration section */

/* Begin XCConfigurationList section */
		9A6E01D91F2A6589002D5769 /* Build configuration list for PBXProject "Make A Note" */ = {
			isa = XCConfigurationList;
			buildConfigurations = (
				9A6E01EE1F2A6589002D5769 /* Debug */,
				9A6E01EF1F2A6589002D5769 /* Release */,
			);
			defaultConfigurationIsVisible = 0;
			defaultConfigurationName = Release;
		};
		9A6E01F01F2A6589002D5769 /* Build configuration list for PBXNativeTarget "Make A Note" */ = {
			isa = XCConfigurationList;
			buildConfigurations = (
				9A6E01F11F2A6589002D5769 /* Debug */,
				9A6E01F21F2A6589002D5769 /* Release */,
			);
			defaultConfigurationIsVisible = 0;
			defaultConfigurationName = Release;
		};
/* End XCConfigurationList section */
	};
	rootObject = 9A6E01D61F2A6589002D5769 /* Project object */;
}
